
Microsoft Visual Studio Solution File, Format Version 12.00
# Visual Studio 2013
VisualStudioVersion = 12.0.40629.0
MinimumVisualStudioVersion = 10.0.40219.1
Project("{FAE04EC0-301F-11D3-BF4B-00C04F79EFBC}") = "SmartCRM.Presentation", "SmartCRM.Presentation\SmartCRM.Presentation.csproj", "{D3987056-9DEB-4A81-8EDB-E30DE7E0D501}"
EndProject
Project("{FAE04EC0-301F-11D3-BF4B-00C04F79EFBC}") = "SmartCRM.DAL", "SmartCRM.DAL\SmartCRM.DAL.csproj", "{C50145E6-A244-4F1F-B41F-90D1925B4A00}"
EndProject
Project("{FAE04EC0-301F-11D3-BF4B-00C04F79EFBC}") = "SmartCRM.Tests", "SmartCRM.Tests\SmartCRM.Tests.csproj", "{5BBE1D55-3B71-40F1-BF41-07E015086A44}"
EndProject
Global
	GlobalSection(SubversionScc) = preSolution
		Svn-Managed = True
		Manager = AnkhSVN - Subversion Support for Visual Studio
	EndGlobalSection
	GlobalSection(SolutionConfigurationPlatforms) = preSolution
		Debug|Any CPU = Debug|Any CPU
		Release|Any CPU = Release|Any CPU
	EndGlobalSection
	GlobalSection(ProjectConfigurationPlatforms) = postSolution
		{D3987056-9DEB-4A81-8EDB-E30DE7E0D501}.Debug|Any CPU.ActiveCfg = Debug|Any CPU
		{D3987056-9DEB-4A81-8EDB-E30DE7E0D501}.Debug|Any CPU.Build.0 = Debug|Any CPU
		{D3987056-9DEB-4A81-8EDB-E30DE7E0D501}.Release|Any CPU.ActiveCfg = Release|Any CPU
		{D3987056-9DEB-4A81-8EDB-E30DE7E0D501}.Release|Any CPU.Build.0 = Release|Any CPU
		{C50145E6-A244-4F1F-B41F-90D1925B4A00}.Debug|Any CPU.ActiveCfg = Debug|Any CPU
		{C50145E6-A244-4F1F-B41F-90D1925B4A00}.Debug|Any CPU.Build.0 = Debug|Any CPU
		{C50145E6-A244-4F1F-B41F-90D1925B4A00}.Release|Any CPU.ActiveCfg = Release|Any CPU
		{C50145E6-A244-4F1F-B41F-90D1925B4A00}.Release|Any CPU.Build.0 = Release|Any CPU
		{5BBE1D55-3B71-40F1-BF41-07E015086A44}.Debug|Any CPU.ActiveCfg = Debug|Any CPU
		{5BBE1D55-3B71-40F1-BF41-07E015086A44}.Debug|Any CPU.Build.0 = Debug|Any CPU
		{5BBE1D55-3B71-40F1-BF41-07E015086A44}.Release|Any CPU.ActiveCfg = Release|Any CPU
		{5BBE1D55-3B71-40F1-BF41-07E015086A44}.Release|Any CPU.Build.0 = Release|Any CPU
	EndGlobalSection
	GlobalSection(SolutionProperties) = preSolution
		HideSolutionNode = FALSE
	EndGlobalSection
EndGlobal
